// !$*UTF8*$!
{
	archiveVersion = 1;
	classes = {
	};
	objectVersion = 56;
	objects = {

/* Begin PBXBuildFile section */
		F3A4FC5729AAA7FD0025D016 /* SpotBoothApp.swift in Sources */ = {isa = PBXBuildFile; fileRef = F3A4FC5629AAA7FD0025D016 /* SpotBoothApp.swift */; };
		F3A4FC5929AAA7FD0025D016 /* ContentView.swift in Sources */ = {isa = PBXBuildFile; fileRef = F3A4FC5829AAA7FD0025D016 /* ContentView.swift */; };
		F3A4FC5B29AAA7FE0025D016 /* Assets.xcassets in Resources */ = {isa = PBXBuildFile; fileRef = F3A4FC5A29AAA7FE0025D016 /* Assets.xcassets */; };
		F3A4FC5E29AAA7FE0025D016 /* Preview Assets.xcassets in Resources */ = {isa = PBXBuildFile; fileRef = F3A4FC5D29AAA7FE0025D016 /* Preview Assets.xcassets */; };
		F3A4FC6829AAA7FE0025D016 /* SpotBoothTests.swift in Sources */ = {isa = PBXBuildFile; fileRef = F3A4FC6729AAA7FE0025D016 /* SpotBoothTests.swift */; };
		F3A4FC7229AAA7FE0025D016 /* SpotBoothUITests.swift in Sources */ = {isa = PBXBuildFile; fileRef = F3A4FC7129AAA7FE0025D016 /* SpotBoothUITests.swift */; };
		F3A4FC7429AAA7FE0025D016 /* SpotBoothUITestsLaunchTests.swift in Sources */ = {isa = PBXBuildFile; fileRef = F3A4FC7329AAA7FE0025D016 /* SpotBoothUITestsLaunchTests.swift */; };
/* End PBXBuildFile section */

/* Begin PBXContainerItemProxy section */
		F3A4FC6429AAA7FE0025D016 /* PBXContainerItemProxy */ = {
			isa = PBXContainerItemProxy;
			containerPortal = F3A4FC4B29AAA7FD0025D016 /* Project object */;
			proxyType = 1;
			remoteGlobalIDString = F3A4FC5229AAA7FD0025D016;
			remoteInfo = SpotBooth;
		};
		F3A4FC6E29AAA7FE0025D016 /* PBXContainerItemProxy */ = {
			isa = PBXContainerItemProxy;
			containerPortal = F3A4FC4B29AAA7FD0025D016 /* Project object */;
			proxyType = 1;
			remoteGlobalIDString = F3A4FC5229AAA7FD0025D016;
			remoteInfo = SpotBooth;
		};
/* End PBXContainerItemProxy section */

/* Begin PBXFileReference section */
		F3A4FC5329AAA7FD0025D016 /* SpotBooth.app */ = {isa = PBXFileReference; explicitFileType = wrapper.application; includeInIndex = 0; path = SpotBooth.app; sourceTree = BUILT_PRODUCTS_DIR; };
		F3A4FC5629AAA7FD0025D016 /* SpotBoothApp.swift */ = {isa = PBXFileReference; lastKnownFileType = sourcecode.swift; path = SpotBoothApp.swift; sourceTree = "<group>"; };
		F3A4FC5829AAA7FD0025D016 /* ContentView.swift */ = {isa = PBXFileReference; lastKnownFileType = sourcecode.swift; path = ContentView.swift; sourceTree = "<group>"; };
		F3A4FC5A29AAA7FE0025D016 /* Assets.xcassets */ = {isa = PBXFileReference; lastKnownFileType = folder.assetcatalog; path = Assets.xcassets; sourceTree = "<group>"; };
		F3A4FC5D29AAA7FE0025D016 /* Preview Assets.xcassets */ = {isa = PBXFileReference; lastKnownFileType = folder.assetcatalog; path = "Preview Assets.xcassets"; sourceTree = "<group>"; };
		F3A4FC6329AAA7FE0025D016 /* SpotBoothTests.xctest */ = {isa = PBXFileReference; explicitFileType = wrapper.cfbundle; includeInIndex = 0; path = SpotBoothTests.xctest; sourceTree = BUILT_PRODUCTS_DIR; };
		F3A4FC6729AAA7FE0025D016 /* SpotBoothTests.swift */ = {isa = PBXFileReference; lastKnownFileType = sourcecode.swift; path = SpotBoothTests.swift; sourceTree = "<group>"; };
		F3A4FC6D29AAA7FE0025D016 /* SpotBoothUITests.xctest */ = {isa = PBXFileReference; explicitFileType = wrapper.cfbundle; includeInIndex = 0; path = SpotBoothUITests.xctest; sourceTree = BUILT_PRODUCTS_DIR; };
		F3A4FC7129AAA7FE0025D016 /* SpotBoothUITests.swift */ = {isa = PBXFileReference; lastKnownFileType = sourcecode.swift; path = SpotBoothUITests.swift; sourceTree = "<group>"; };
		F3A4FC7329AAA7FE0025D016 /* SpotBoothUITestsLaunchTests.swift */ = {isa = PBXFileReference; lastKnownFileType = sourcecode.swift; path = SpotBoothUITestsLaunchTests.swift; sourceTree = "<group>"; };
/* End PBXFileReference section */

/* Begin PBXFrameworksBuildPhase section */
		F3A4FC5029AAA7FD0025D016 /* Frameworks */ = {
			isa = PBXFrameworksBuildPhase;
			buildActionMask = 2147483647;
			files = (
			);
			runOnlyForDeploymentPostprocessing = 0;
		};
		F3A4FC6029AAA7FE0025D016 /* Frameworks */ = {
			isa = PBXFrameworksBuildPhase;
			buildActionMask = 2147483647;
			files = (
			);
			runOnlyForDeploymentPostprocessing = 0;
		};
		F3A4FC6A29AAA7FE0025D016 /* Frameworks */ = {
			isa = PBXFrameworksBuildPhase;
			buildActionMask = 2147483647;
			files = (
			);
			runOnlyForDeploymentPostprocessing = 0;
		};
/* End PBXFrameworksBuildPhase section */

/* Begin PBXGroup section */
		F3A4FC4A29AAA7FD0025D016 = {
			isa = PBXGroup;
			children = (
				F3A4FC5529AAA7FD0025D016 /* SpotBooth */,
				F3A4FC6629AAA7FE0025D016 /* SpotBoothTests */,
				F3A4FC7029AAA7FE0025D016 /* SpotBoothUITests */,
				F3A4FC5429AAA7FD0025D016 /* Products */,
			);
			sourceTree = "<group>";
		};
		F3A4FC5429AAA7FD0025D016 /* Products */ = {
			isa = PBXGroup;
			children = (
				F3A4FC5329AAA7FD0025D016 /* SpotBooth.app */,
				F3A4FC6329AAA7FE0025D016 /* SpotBoothTests.xctest */,
				F3A4FC6D29AAA7FE0025D016 /* SpotBoothUITests.xctest */,
			);
			name = Products;
			sourceTree = "<group>";
		};
		F3A4FC5529AAA7FD0025D016 /* SpotBooth */ = {
			isa = PBXGroup;
			children = (
				F3A4FC5629AAA7FD0025D016 /* SpotBoothApp.swift */,
				F3A4FC5829AAA7FD0025D016 /* ContentView.swift */,
				F3A4FC5A29AAA7FE0025D016 /* Assets.xcassets */,
				F3A4FC5C29AAA7FE0025D016 /* Preview Content */,
			);
			path = SpotBooth;
			sourceTree = "<group>";
		};
		F3A4FC5C29AAA7FE0025D016 /* Preview Content */ = {
			isa = PBXGroup;
			children = (
				F3A4FC5D29AAA7FE0025D016 /* Preview Assets.xcassets */,
			);
			path = "Preview Content";
			sourceTree = "<group>";
		};
		F3A4FC6629AAA7FE0025D016 /* SpotBoothTests */ = {
			isa = PBXGroup;
			children = (
				F3A4FC6729AAA7FE0025D016 /* SpotBoothTests.swift */,
			);
			path = SpotBoothTests;
			sourceTree = "<group>";
		};
		F3A4FC7029AAA7FE0025D016 /* SpotBoothUITests */ = {
			isa = PBXGroup;
			children = (
				F3A4FC7129AAA7FE0025D016 /* SpotBoothUITests.swift */,
				F3A4FC7329AAA7FE0025D016 /* SpotBoothUITestsLaunchTests.swift */,
			);
			path = SpotBoothUITests;
			sourceTree = "<group>";
		};
/* End PBXGroup section */

/* Begin PBXNativeTarget section */
		F3A4FC5229AAA7FD0025D016 /* SpotBooth */ = {
			isa = PBXNativeTarget;
			buildConfigurationList = F3A4FC7729AAA7FE0025D016 /* Build configuration list for PBXNativeTarget "SpotBooth" */;
			buildPhases = (
				F3A4FC4F29AAA7FD0025D016 /* Sources */,
				F3A4FC5029AAA7FD0025D016 /* Frameworks */,
				F3A4FC5129AAA7FD0025D016 /* Resources */,
			);
			buildRules = (
			);
			dependencies = (
			);
			name = SpotBooth;
			productName = SpotBooth;
			productReference = F3A4FC5329AAA7FD0025D016 /* SpotBooth.app */;
			productType = "com.apple.product-type.application";
		};
		F3A4FC6229AAA7FE0025D016 /* SpotBoothTests */ = {
			isa = PBXNativeTarget;
			buildConfigurationList = F3A4FC7A29AAA7FE0025D016 /* Build configuration list for PBXNativeTarget "SpotBoothTests" */;
			buildPhases = (
				F3A4FC5F29AAA7FE0025D016 /* Sources */,
				F3A4FC6029AAA7FE0025D016 /* Frameworks */,
				F3A4FC6129AAA7FE0025D016 /* Resources */,
			);
			buildRules = (
			);
			dependencies = (
				F3A4FC6529AAA7FE0025D016 /* PBXTargetDependency */,
			);
			name = SpotBoothTests;
			productName = SpotBoothTests;
			productReference = F3A4FC6329AAA7FE0025D016 /* SpotBoothTests.xctest */;
			productType = "com.apple.product-type.bundle.unit-test";
		};
		F3A4FC6C29AAA7FE0025D016 /* SpotBoothUITests */ = {
			isa = PBXNativeTarget;
			buildConfigurationList = F3A4FC7D29AAA7FE0025D016 /* Build configuration list for PBXNativeTarget "SpotBoothUITests" */;
			buildPhases = (
				F3A4FC6929AAA7FE0025D016 /* Sources */,
				F3A4FC6A29AAA7FE0025D016 /* Frameworks */,
				F3A4FC6B29AAA7FE0025D016 /* Resources */,
			);
			buildRules = (
			);
			dependencies = (
				F3A4FC6F29AAA7FE0025D016 /* PBXTargetDependency */,
			);
			name = SpotBoothUITests;
			productName = SpotBoothUITests;
			productReference = F3A4FC6D29AAA7FE0025D016 /* SpotBoothUITests.xctest */;
			productType = "com.apple.product-type.bundle.ui-testing";
		};
/* End PBXNativeTarget section */

/* Begin PBXProject section */
		F3A4FC4B29AAA7FD0025D016 /* Project object */ = {
			isa = PBXProject;
			attributes = {
				BuildIndependentTargetsInParallel = 1;
				LastSwiftUpdateCheck = 1420;
				LastUpgradeCheck = 1420;
				TargetAttributes = {
					F3A4FC5229AAA7FD0025D016 = {
						CreatedOnToolsVersion = 14.2;
					};
					F3A4FC6229AAA7FE0025D016 = {
						CreatedOnToolsVersion = 14.2;
						TestTargetID = F3A4FC5229AAA7FD0025D016;
					};
					F3A4FC6C29AAA7FE0025D016 = {
						CreatedOnToolsVersion = 14.2;
						TestTargetID = F3A4FC5229AAA7FD0025D016;
					};
				};
			};
			buildConfigurationList = F3A4FC4E29AAA7FD0025D016 /* Build configuration list for PBXProject "SpotBooth" */;
			compatibilityVersion = "Xcode 14.0";
			developmentRegion = en;
			hasScannedForEncodings = 0;
			knownRegions = (
				en,
				Base,
			);
			mainGroup = F3A4FC4A29AAA7FD0025D016;
			productRefGroup = F3A4FC5429AAA7FD0025D016 /* Products */;
			projectDirPath = "";
			projectRoot = "";
			targets = (
				F3A4FC5229AAA7FD0025D016 /* SpotBooth */,
				F3A4FC6229AAA7FE0025D016 /* SpotBoothTests */,
				F3A4FC6C29AAA7FE0025D016 /* SpotBoothUITests */,
			);
		};
/* End PBXProject section */

/* Begin PBXResourcesBuildPhase section */
		F3A4FC5129AAA7FD0025D016 /* Resources */ = {
			isa = PBXResourcesBuildPhase;
			buildActionMask = 2147483647;
			files = (
				F3A4FC5E29AAA7FE0025D016 /* Preview Assets.xcassets in Resources */,
				F3A4FC5B29AAA7FE0025D016 /* Assets.xcassets in Resources */,
			);
			runOnlyForDeploymentPostprocessing = 0;
		};
		F3A4FC6129AAA7FE0025D016 /* Resources */ = {
			isa = PBXResourcesBuildPhase;
			buildActionMask = 2147483647;
			files = (
			);
			runOnlyForDeploymentPostprocessing = 0;
		};
		F3A4FC6B29AAA7FE0025D016 /* Resources */ = {
			isa = PBXResourcesBuildPhase;
			buildActionMask = 2147483647;
			files = (
			);
			runOnlyForDeploymentPostprocessing = 0;
		};
/* End PBXResourcesBuildPhase section */

/* Begin PBXSourcesBuildPhase section */
		F3A4FC4F29AAA7FD0025D016 /* Sources */ = {
			isa = PBXSourcesBuildPhase;
			buildActionMask = 2147483647;
			files = (
				F3A4FC5929AAA7FD0025D016 /* ContentView.swift in Sources */,
				F3A4FC5729AAA7FD0025D016 /* SpotBoothApp.swift in Sources */,
			);
			runOnlyForDeploymentPostprocessing = 0;
		};
		F3A4FC5F29AAA7FE0025D016 /* Sources */ = {
			isa = PBXSourcesBuildPhase;
			buildActionMask = 2147483647;
			files = (
				F3A4FC6829AAA7FE0025D016 /* SpotBoothTests.swift in Sources */,
			);
			runOnlyForDeploymentPostprocessing = 0;
		};
		F3A4FC6929AAA7FE0025D016 /* Sources */ = {
			isa = PBXSourcesBuildPhase;
			buildActionMask = 2147483647;
			files = (
				F3A4FC7229AAA7FE0025D016 /* SpotBoothUITests.swift in Sources */,
				F3A4FC7429AAA7FE0025D016 /* SpotBoothUITestsLaunchTests.swift in Sources */,
			);
			runOnlyForDeploymentPostprocessing = 0;
		};
/* End PBXSourcesBuildPhase section */

/* Begin PBXTargetDependency section */
		F3A4FC6529AAA7FE0025D016 /* PBXTargetDependency */ = {
			isa = PBXTargetDependency;
			target = F3A4FC5229AAA7FD0025D016 /* SpotBooth */;
			targetProxy = F3A4FC6429AAA7FE0025D016 /* PBXContainerItemProxy */;
		};
		F3A4FC6F29AAA7FE0025D016 /* PBXTargetDependency */ = {
			isa = PBXTargetDependency;
			target = F3A4FC5229AAA7FD0025D016 /* SpotBooth */;
			targetProxy = F3A4FC6E29AAA7FE0025D016 /* PBXContainerItemProxy */;
		};
/* End PBXTargetDependency section */

/* Begin XCBuildConfiguration section */
		F3A4FC7529AAA7FE0025D016 /* Debug */ = {
			isa = XCBuildConfiguration;
			buildSettings = {
				ALWAYS_SEARCH_USER_PATHS = NO;
				CLANG_ANALYZER_NONNULL = YES;
				CLANG_ANALYZER_NUMBER_OBJECT_CONVERSION = YES_AGGRESSIVE;
				CLANG_CXX_LANGUAGE_STANDARD = "gnu++20";
				CLANG_ENABLE_MODULES = YES;
				CLANG_ENABLE_OBJC_ARC = YES;
				CLANG_ENABLE_OBJC_WEAK = YES;
				CLANG_WARN_BLOCK_CAPTURE_AUTORELEASING = YES;
				CLANG_WARN_BOOL_CONVERSION = YES;
				CLANG_WARN_COMMA = YES;
				CLANG_WARN_CONSTANT_CONVERSION = YES;
				CLANG_WARN_DEPRECATED_OBJC_IMPLEMENTATIONS = YES;
				CLANG_WARN_DIRECT_OBJC_ISA_USAGE = YES_ERROR;
				CLANG_WARN_DOCUMENTATION_COMMENTS = YES;
				CLANG_WARN_EMPTY_BODY = YES;
				CLANG_WARN_ENUM_CONVERSION = YES;
				CLANG_WARN_INFINITE_RECURSION = YES;
				CLANG_WARN_INT_CONVERSION = YES;
				CLANG_WARN_NON_LITERAL_NULL_CONVERSION = YES;
				CLANG_WARN_OBJC_IMPLICIT_RETAIN_SELF = YES;
				CLANG_WARN_OBJC_LITERAL_CONVERSION = YES;
				CLANG_WARN_OBJC_ROOT_CLASS = YES_ERROR;
				CLANG_WARN_QUOTED_INCLUDE_IN_FRAMEWORK_HEADER = YES;
				CLANG_WARN_RANGE_LOOP_ANALYSIS = YES;
				CLANG_WARN_STRICT_PROTOTYPES = YES;
				CLANG_WARN_SUSPICIOUS_MOVE = YES;
				CLANG_WARN_UNGUARDED_AVAILABILITY = YES_AGGRESSIVE;
				CLANG_WARN_UNREACHABLE_CODE = YES;
				CLANG_WARN__DUPLICATE_METHOD_MATCH = YES;
				COPY_PHASE_STRIP = NO;
				DEBUG_INFORMATION_FORMAT = dwarf;
				ENABLE_STRICT_OBJC_MSGSEND = YES;
				ENABLE_TESTABILITY = YES;
				GCC_C_LANGUAGE_STANDARD = gnu11;
				GCC_DYNAMIC_NO_PIC = NO;
				GCC_NO_COMMON_BLOCKS = YES;
				GCC_OPTIMIZATION_LEVEL = 0;
				GCC_PREPROCESSOR_DEFINITIONS = (
					"DEBUG=1",
					"$(inherited)",
				);
				GCC_WARN_64_TO_32_BIT_CONVERSION = YES;
				GCC_WARN_ABOUT_RETURN_TYPE = YES_ERROR;
				GCC_WARN_UNDECLARED_SELECTOR = YES;
				GCC_WARN_UNINITIALIZED_AUTOS = YES_AGGRESSIVE;
				GCC_WARN_UNUSED_FUNCTION = YES;
				GCC_WARN_UNUSED_VARIABLE = YES;
				IPHONEOS_DEPLOYMENT_TARGET = 16.2;
				MTL_ENABLE_DEBUG_INFO = INCLUDE_SOURCE;
				MTL_FAST_MATH = YES;
				ONLY_ACTIVE_ARCH = YES;
				SDKROOT = iphoneos;
				SWIFT_ACTIVE_COMPILATION_CONDITIONS = DEBUG;
				SWIFT_OPTIMIZATION_LEVEL = "-Onone";
			};
			name = Debug;
		};
		F3A4FC7629AAA7FE0025D016 /* Release */ = {
			isa = XCBuildConfiguration;
			buildSettings = {
				ALWAYS_SEARCH_USER_PATHS = NO;
				CLANG_ANALYZER_NONNULL = YES;
				CLANG_ANALYZER_NUMBER_OBJECT_CONVERSION = YES_AGGRESSIVE;
				CLANG_CXX_LANGUAGE_STANDARD = "gnu++20";
				CLANG_ENABLE_MODULES = YES;
				CLANG_ENABLE_OBJC_ARC = YES;
				CLANG_ENABLE_OBJC_WEAK = YES;
				CLANG_WARN_BLOCK_CAPTURE_AUTORELEASING = YES;
				CLANG_WARN_BOOL_CONVERSION = YES;
				CLANG_WARN_COMMA = YES;
				CLANG_WARN_CONSTANT_CONVERSION = YES;
				CLANG_WARN_DEPRECATED_OBJC_IMPLEMENTATIONS = YES;
				CLANG_WARN_DIRECT_OBJC_ISA_USAGE = YES_ERROR;
				CLANG_WARN_DOCUMENTATION_COMMENTS = YES;
				CLANG_WARN_EMPTY_BODY = YES;
				CLANG_WARN_ENUM_CONVERSION = YES;
				CLANG_WARN_INFINITE_RECURSION = YES;
				CLANG_WARN_INT_CONVERSION = YES;
				CLANG_WARN_NON_LITERAL_NULL_CONVERSION = YES;
				CLANG_WARN_OBJC_IMPLICIT_RETAIN_SELF = YES;
				CLANG_WARN_OBJC_LITERAL_CONVERSION = YES;
				CLANG_WARN_OBJC_ROOT_CLASS = YES_ERROR;
				CLANG_WARN_QUOTED_INCLUDE_IN_FRAMEWORK_HEADER = YES;
				CLANG_WARN_RANGE_LOOP_ANALYSIS = YES;
				CLANG_WARN_STRICT_PROTOTYPES = YES;
				CLANG_WARN_SUSPICIOUS_MOVE = YES;
				CLANG_WARN_UNGUARDED_AVAILABILITY = YES_AGGRESSIVE;
				CLANG_WARN_UNREACHABLE_CODE = YES;
				CLANG_WARN__DUPLICATE_METHOD_MATCH = YES;
				COPY_PHASE_STRIP = NO;
				DEBUG_INFORMATION_FORMAT = "dwarf-with-dsym";
				ENABLE_NS_ASSERTIONS = NO;
				ENABLE_STRICT_OBJC_MSGSEND = YES;
				GCC_C_LANGUAGE_STANDARD = gnu11;
				GCC_NO_COMMON_BLOCKS = YES;
				GCC_WARN_64_TO_32_BIT_CONVERSION = YES;
				GCC_WARN_ABOUT_RETURN_TYPE = YES_ERROR;
				GCC_WARN_UNDECLARED_SELECTOR = YES;
				GCC_WARN_UNINITIALIZED_AUTOS = YES_AGGRESSIVE;
				GCC_WARN_UNUSED_FUNCTION = YES;
				GCC_WARN_UNUSED_VARIABLE = YES;
				IPHONEOS_DEPLOYMENT_TARGET = 16.2;
				MTL_ENABLE_DEBUG_INFO = NO;
				MTL_FAST_MATH = YES;
				SDKROOT = iphoneos;
				SWIFT_COMPILATION_MODE = wholemodule;
				SWIFT_OPTIMIZATION_LEVEL = "-O";
				VALIDATE_PRODUCT = YES;
			};
			name = Release;
		};
		F3A4FC7829AAA7FE0025D016 /* Debug */ = {
			isa = XCBuildConfiguration;
			buildSettings = {
				ASSETCATALOG_COMPILER_APPICON_NAME = AppIcon;
				ASSETCATALOG_COMPILER_GLOBAL_ACCENT_COLOR_NAME = AccentColor;
				CODE_SIGN_STYLE = Automatic;
				CURRENT_PROJECT_VERSION = 1;
				DEVELOPMENT_ASSET_PATHS = "\"SpotBooth/Preview Content\"";
				DEVELOPMENT_TEAM = 4K8DY4R2S3;
				ENABLE_PREVIEWS = YES;
				GENERATE_INFOPLIST_FILE = YES;
				INFOPLIST_KEY_UIApplicationSceneManifest_Generation = YES;
				INFOPLIST_KEY_UIApplicationSupportsIndirectInputEvents = YES;
				INFOPLIST_KEY_UILaunchScreen_Generation = YES;
				INFOPLIST_KEY_UISupportedInterfaceOrientations_iPad = "UIInterfaceOrientationPortrait UIInterfaceOrientationPortraitUpsideDown UIInterfaceOrientationLandscapeLeft UIInterfaceOrientationLandscapeRight";
				INFOPLIST_KEY_UISupportedInterfaceOrientations_iPhone = "UIInterfaceOrientationPortrait UIInterfaceOrientationLandscapeLeft UIInterfaceOrientationLandscapeRight";
				LD_RUNPATH_SEARCH_PATHS = (
					"$(inherited)",
					"@executable_path/Frameworks",
				);
				MARKETING_VERSION = 1.0;
				PRODUCT_BUNDLE_IDENTIFIER = com.GacuApps.SpotBooth;
				PRODUCT_NAME = "$(TARGET_NAME)";
				SWIFT_EMIT_LOC_STRINGS = YES;
				SWIFT_VERSION = 5.0;
				TARGETED_DEVICE_FAMILY = "1,2";
			};
			name = Debug;
		};
		F3A4FC7929AAA7FE0025D016 /* Release */ = {
			isa = XCBuildConfiguration;
			buildSettings = {
				ASSETCATALOG_COMPILER_APPICON_NAME = AppIcon;
				ASSETCATALOG_COMPILER_GLOBAL_ACCENT_COLOR_NAME = AccentColor;
				CODE_SIGN_STYLE = Automatic;
				CURRENT_PROJECT_VERSION = 1;
				DEVELOPMENT_ASSET_PATHS = "\"SpotBooth/Preview Content\"";
				DEVELOPMENT_TEAM = 4K8DY4R2S3;
				ENABLE_PREVIEWS = YES;
				GENERATE_INFOPLIST_FILE = YES;
				INFOPLIST_KEY_UIApplicationSceneManifest_Generation = YES;
				INFOPLIST_KEY_UIApplicationSupportsIndirectInputEvents = YES;
				INFOPLIST_KEY_UILaunchScreen_Generation = YES;
				INFOPLIST_KEY_UISupportedInterfaceOrientations_iPad = "UIInterfaceOrientationPortrait UIInterfaceOrientationPortraitUpsideDown UIInterfaceOrientationLandscapeLeft UIInterfaceOrientationLandscapeRight";
				INFOPLIST_KEY_UISupportedInterfaceOrientations_iPhone = "UIInterfaceOrientationPortrait UIInterfaceOrientationLandscapeLeft UIInterfaceOrientationLandscapeRight";
				LD_RUNPATH_SEARCH_PATHS = (
					"$(inherited)",
					"@executable_path/Frameworks",
				);
				MARKETING_VERSION = 1.0;
				PRODUCT_BUNDLE_IDENTIFIER = com.GacuApps.SpotBooth;
				PRODUCT_NAME = "$(TARGET_NAME)";
				SWIFT_EMIT_LOC_STRINGS = YES;
				SWIFT_VERSION = 5.0;
				TARGETED_DEVICE_FAMILY = "1,2";
			};
			name = Release;
		};
		F3A4FC7B29AAA7FE0025D016 /* Debug */ = {
			isa = XCBuildConfiguration;
			buildSettings = {
				ALWAYS_EMBED_SWIFT_STANDARD_LIBRARIES = YES;
				BUNDLE_LOADER = "$(TEST_HOST)";
				CODE_SIGN_STYLE = Automatic;
				CURRENT_PROJECT_VERSION = 1;
				DEVELOPMENT_TEAM = 4K8DY4R2S3;
				GENERATE_INFOPLIST_FILE = YES;
				IPHONEOS_DEPLOYMENT_TARGET = 16.2;
				MARKETING_VERSION = 1.0;
				PRODUCT_BUNDLE_IDENTIFIER = com.GacuApps.SpotBoothTests;
				PRODUCT_NAME = "$(TARGET_NAME)";
				SWIFT_EMIT_LOC_STRINGS = NO;
				SWIFT_VERSION = 5.0;
				TARGETED_DEVICE_FAMILY = "1,2";
				TEST_HOST = "$(BUILT_PRODUCTS_DIR)/SpotBooth.app/$(BUNDLE_EXECUTABLE_FOLDER_PATH)/SpotBooth";
			};
			name = Debug;
		};
		F3A4FC7C29AAA7FE0025D016 /* Release */ = {
			isa = XCBuildConfiguration;
			buildSettings = {
				ALWAYS_EMBED_SWIFT_STANDARD_LIBRARIES = YES;
				BUNDLE_LOADER = "$(TEST_HOST)";
				CODE_SIGN_STYLE = Automatic;
				CURRENT_PROJECT_VERSION = 1;
				DEVELOPMENT_TEAM = 4K8DY4R2S3;
				GENERATE_INFOPLIST_FILE = YES;
				IPHONEOS_DEPLOYMENT_TARGET = 16.2;
				MARKETING_VERSION = 1.0;
				PRODUCT_BUNDLE_IDENTIFIER = com.GacuApps.SpotBoothTests;
				PRODUCT_NAME = "$(TARGET_NAME)";
				SWIFT_EMIT_LOC_STRINGS = NO;
				SWIFT_VERSION = 5.0;
				TARGETED_DEVICE_FAMILY = "1,2";
				TEST_HOST = "$(BUILT_PRODUCTS_DIR)/SpotBooth.app/$(BUNDLE_EXECUTABLE_FOLDER_PATH)/SpotBooth";
			};
			name = Release;
		};
		F3A4FC7E29AAA7FE0025D016 /* Debug */ = {
			isa = XCBuildConfiguration;
			buildSettings = {
				ALWAYS_EMBED_SWIFT_STANDARD_LIBRARIES = YES;
				CODE_SIGN_STYLE = Automatic;
				CURRENT_PROJECT_VERSION = 1;
				DEVELOPMENT_TEAM = 4K8DY4R2S3;
				GENERATE_INFOPLIST_FILE = YES;
				MARKETING_VERSION = 1.0;
				PRODUCT_BUNDLE_IDENTIFIER = com.GacuApps.SpotBoothUITests;
				PRODUCT_NAME = "$(TARGET_NAME)";
				SWIFT_EMIT_LOC_STRINGS = NO;
				SWIFT_VERSION = 5.0;
				TARGETED_DEVICE_FAMILY = "1,2";
				TEST_TARGET_NAME = SpotBooth;
			};
			name = Debug;
		};
		F3A4FC7F29AAA7FE0025D016 /* Release */ = {
			isa = XCBuildConfiguration;
			buildSettings = {
				ALWAYS_EMBED_SWIFT_STANDARD_LIBRARIES = YES;
				CODE_SIGN_STYLE = Automatic;
				CURRENT_PROJECT_VERSION = 1;
				DEVELOPMENT_TEAM = 4K8DY4R2S3;
				GENERATE_INFOPLIST_FILE = YES;
				MARKETING_VERSION = 1.0;
				PRODUCT_BUNDLE_IDENTIFIER = com.GacuApps.SpotBoothUITests;
				PRODUCT_NAME = "$(TARGET_NAME)";
				SWIFT_EMIT_LOC_STRINGS = NO;
				SWIFT_VERSION = 5.0;
				TARGETED_DEVICE_FAMILY = "1,2";
				TEST_TARGET_NAME = SpotBooth;
			};
			name = Release;
		};
/* End XCBuildConfiguration section */

/* Begin XCConfigurationList section */
		F3A4FC4E29AAA7FD0025D016 /* Build configuration list for PBXProject "SpotBooth" */ = {
			isa = XCConfigurationList;
			buildConfigurations = (
				F3A4FC7529AAA7FE0025D016 /* Debug */,
				F3A4FC7629AAA7FE0025D016 /* Release */,
			);
			defaultConfigurationIsVisible = 0;
			defaultConfigurationName = Release;
		};
		F3A4FC7729AAA7FE0025D016 /* Build configuration list for PBXNativeTarget "SpotBooth" */ = {
			isa = XCConfigurationList;
			buildConfigurations = (
				F3A4FC7829AAA7FE0025D016 /* Debug */,
				F3A4FC7929AAA7FE0025D016 /* Release */,
			);
			defaultConfigurationIsVisible = 0;
			defaultConfigurationName = Release;
		};
		F3A4FC7A29AAA7FE0025D016 /* Build configuration list for PBXNativeTarget "SpotBoothTests" */ = {
			isa = XCConfigurationList;
			buildConfigurations = (
				F3A4FC7B29AAA7FE0025D016 /* Debug */,
				F3A4FC7C29AAA7FE0025D016 /* Release */,
			);
			defaultConfigurationIsVisible = 0;
			defaultConfigurationName = Release;
		};
		F3A4FC7D29AAA7FE0025D016 /* Build configuration list for PBXNativeTarget "SpotBoothUITests" */ = {
			isa = XCConfigurationList;
			buildConfigurations = (
				F3A4FC7E29AAA7FE0025D016 /* Debug */,
				F3A4FC7F29AAA7FE0025D016 /* Release */,
			);
			defaultConfigurationIsVisible = 0;
			defaultConfigurationName = Release;
		};
/* End XCConfigurationList section */
	};
	rootObject = F3A4FC4B29AAA7FD0025D016 /* Project object */;
}
